
Microsoft Visual Studio Solution File, Format Version 12.00
# Visual Studio Version 17
VisualStudioVersion = 17.13.36105.23 d17.13
MinimumVisualStudioVersion = 10.0.40219.1
Project("{FAE04EC0-301F-11D3-BF4B-00C04F79EFBC}") = "BriefingTool", "BriefingTool.csproj", "{F2F863BF-FF7C-438D-B7D2-963D96506596}"
EndProject
Global
	GlobalSection(SolutionConfigurationPlatforms) = preSolution
		Debug|Any CPU = Debug|Any CPU
		Release|Any CPU = Release|Any CPU
	EndGlobalSection
	GlobalSection(ProjectConfigurationPlatforms) = postSolution
		{F2F863BF-FF7C-438D-B7D2-963D96506596}.Debug|Any CPU.ActiveCfg = Debug|Any CPU
		{F2F863BF-FF7C-438D-B7D2-963D96506596}.Debug|Any CPU.Build.0 = Debug|Any CPU
		{F2F863BF-FF7C-438D-B7D2-963D96506596}.Release|Any CPU.ActiveCfg = Release|Any CPU
		{F2F863BF-FF7C-438D-B7D2-963D96506596}.Release|Any CPU.Build.0 = Release|Any CPU
	EndGlobalSection
	GlobalSection(SolutionProperties) = preSolution
		HideSolutionNode = FALSE
	EndGlobalSection
	GlobalSection(ExtensibilityGlobals) = postSolution
		SolutionGuid = {E5E74D23-3D7F-4558-9A62-787134FBDEBF}
	EndGlobalSection
EndGlobal
